github.com/lib/pq v1.10.9 h1:YXG7RB+JIjhP29X+OtkiDnYaXQwpS4JEWq7dtCCRUEw=
github.com/lib/pq v1.10.9/go.mod h1:AlVN5x4E4T544tWzH6hKfbfQvm3HdbOxrmggDNAPY9o=
github.com/mattn/go-sqlite3 v1.14.32 h1:JD12Ag3oLy1zQA+BNn74xRgaBbdhbNIDYvQUEuuErjs=
github.com/mattn/go-sqlite3 v1.14.32/go.mod h1:Uh1q+B4BYcTPb+yiD3kU8Ct7aC0hY9fxUwlHK0RXw+Y=
github.com/mikeschinkel/go-cfgstore v0.2.2 h1:NN8d7Onm9Ee32LNt6Q7jywMGB0RhgdUFTMDM+fo2Wdo=
github.com/mikeschinkel/go-cfgstore v0.2.2/go.mod h1:N+4PoxFi092Cdv4isNpYdVuba25GvlKvwx0FYQG70fs=
github.com/mikeschinkel/go-cliutil v0.2.0 h1:rcSSSNeVplQQ/Fz2Tebw2uylwRgbDYysMY7y/RHnTns=
github.com/mikeschinkel/go-cliutil v0.2.0/go.mod h1:S7FUUlXiaBWCTePqcrIQ4GcGTfLP5oBYO+T9Vi6PuUY=
github.com/mikeschinkel/go-doterr v0.1.2 h1:JbA/n8ZDwkS9uknOYd4yETzZx9X8Z/GmnuTnvYqzric=
github.com/mikeschinkel/go-doterr v0.1.2/go.mod h1:KvybXrdblimuCm7PFXm3OziwCT8bRM8W1OD4kyDi4M0=
github.com/mikeschinkel/go-dt v0.3.0 h1:AoNaxS/pOsyY42Y2xkfh/OyXd4luwXplWPiZ0/9KUA0=
github.com/mikeschinkel/go-dt v0.3.0/go.mod h1:KJYRXePwYdBr57WhtRgDagOb7Ih/ORxE/kG4Mg6c8iE=
github.com/mikeschinkel/go-dt/appinfo v0.2.1 h1:5BB8HQtGFyZ0qCG2DoBSeDBc9CblEJefUoR/4WxZXiw=
github.com/mikeschinkel/go-dt/appinfo v0.2.1/go.mod h1:OW7bt0cwIdM8brbREnLByJJlODESIaHsEY+pvXxDEiQ=
github.com/mikeschinkel/go-dt/dtx v0.2.1 h1:OsFs0kHuEZuSJwGyTI+LDZVABf5pAvcPXDuEI08j5PY=
github.com/mikeschinkel/go-dt/dtx v0.2.1/go.mod h1:mFuyP/9gMzCKaLXhFWOXHngR2ou2jun7yE67NZRBhW8=
github.com/mikeschinkel/go-jsonxtractr v0.1.1 h1:tHi/vcnuB1GFwhtIXe68yE1Il+Zi6JwDx2zbJkg/MG0=
github.com/mikeschinkel/go-jsonxtractr v0.1.1/go.mod h1:gCARx5ya6mSN7tT+XTMVa6aBAef+AZTw6e/OsMu0GV4=
github.com/mikeschinkel/go-logutil v0.1.2 h1:TjPFbb1ont7M3aHgv56u6z5u10FLSetKoX8SBGjjBVA=
github.com/mikeschinkel/go-logutil v0.1.2/go.mod h1:9yohJICBoO3NHyyIR4A4YnDtqOT1xnCNQX4gvxzxTqE=
github.com/mikeschinkel/go-pathvars v0.2.1 h1:Zr1SWVQQT+aEcV46/kel52eiUed7igLeh0GJ8OBNUIE=
github.com/mikeschinkel/go-pathvars v0.2.1/go.mod h1:pqm9AAbg8duYCWb81f65r2mjZovRYFMw2SWGkFiTows=
github.com/mikeschinkel/go-rfc9457 v0.1.1 h1:pYlE0aTA3jFDCUoD3AH/ZTZBjwnqSvWi29GFHSGvYx0=
github.com/mikeschinkel/go-rfc9457 v0.1.1/go.mod h1:YjUU3d3OVwCejkCB93nEtr0cDwRbkFUhcgbhkEJzZ30=
github.com/mikeschinkel/go-sqlparams v0.1.2 h1:pDEJZiDRmJUlm8vy9aWSoLmGvGB8HSLrzr+DRjH6BZo=
github.com/mikeschinkel/go-sqlparams v0.1.2/go.mod h1:jWP5nfpZyloGHHdc/O26RXTMlZeBZizSXa/0tV/T7+s=
github.com/mikeschinkel/go-testutil v0.2.0 h1:TE0HxwQRrw/CkL9RnhMuFf30YdT7Fh0WGQmcUjq2x4Y=
github.com/mikeschinkel/go-testutil v0.2.0/go.mod h1:mbT3JPjrtlp8KuKTOj5cXX+0gjqgJN/JqfNqPdKi3ak=
