github.com/bmatcuk/doublestar/v4 v4.9.1 h1:X8jg9rRZmJd4yRy7ZeNDRnM+T3ZfHv15JiBJ/avrEXE=
github.com/bmatcuk/doublestar/v4 v4.9.1/go.mod h1:xBQ8jztBU6kakFMg+8WGxn0c6z1fTSPVIjEY1Wr7jzc=
github.com/davecgh/go-spew v1.1.1 h1:vj9j/u1bqnvCEfJOwUhtlOARqs3+rkHYY13jYWTU97c=
github.com/davecgh/go-spew v1.1.1/go.mod h1:J7Y8YcW2NihsgmVo/mv3lAwl/skON4iLHjSsI+c5H38=
github.com/jedib0t/go-pretty/v6 v6.7.5 h1:9dJSWTJnsXJVVAbvxIFxeHf/JxoJd7GUl5o3UzhtuiM=
github.com/jedib0t/go-pretty/v6 v6.7.5/go.mod h1:YwC5CE4fJ1HFUDeivSV1r//AmANFHyqczZk+U6BDALU=
github.com/lib/pq v1.10.9 h1:YXG7RB+JIjhP29X+OtkiDnYaXQwpS4JEWq7dtCCRUEw=
github.com/lib/pq v1.10.9/go.mod h1:AlVN5x4E4T544tWzH6hKfbfQvm3HdbOxrmggDNAPY9o=
github.com/mattn/go-runewidth v0.0.16 h1:E5ScNMtiwvlvB5paMFdw9p4kSQzbXFikJ5SQO6TULQc=
github.com/mattn/go-runewidth v0.0.16/go.mod h1:Jdepj2loyihRzMpdS35Xk/zdY8IAYHsh153qUoGf23w=
github.com/mattn/go-sqlite3 v1.14.32 h1:JD12Ag3oLy1zQA+BNn74xRgaBbdhbNIDYvQUEuuErjs=
github.com/mattn/go-sqlite3 v1.14.32/go.mod h1:Uh1q+B4BYcTPb+yiD3kU8Ct7aC0hY9fxUwlHK0RXw+Y=
github.com/mikeschinkel/go-cfgstore v0.4.0 h1:7hqtmsKxaqXHkglfZPwlJu3j335/hGsGfj1r1BodY2g=
github.com/mikeschinkel/go-cfgstore v0.4.0/go.mod h1:CGIAdOzGAXPULDEAwuRF88B0EP13kxSn4faOOUwEIeQ=
github.com/mikeschinkel/go-cliutil v0.3.0 h1:e8mHPp+zaJ3DSNSgRiH3aRB2kpsFQgRh3VC5D062YLk=
github.com/mikeschinkel/go-cliutil v0.3.0/go.mod h1:uYKSilFUqy6RGtdVexaWxZ5CVfVvdzRhREBPCSontW8=
github.com/mikeschinkel/go-doterr v0.1.2 h1:JbA/n8ZDwkS9uknOYd4yETzZx9X8Z/GmnuTnvYqzric=
github.com/mikeschinkel/go-doterr v0.1.2/go.mod h1:KvybXrdblimuCm7PFXm3OziwCT8bRM8W1OD4kyDi4M0=
github.com/mikeschinkel/go-dt/appinfo v0.2.1 h1:5BB8HQtGFyZ0qCG2DoBSeDBc9CblEJefUoR/4WxZXiw=
github.com/mikeschinkel/go-dt/appinfo v0.2.1/go.mod h1:OW7bt0cwIdM8brbREnLByJJlODESIaHsEY+pvXxDEiQ=
github.com/mikeschinkel/go-dt/dtglob v0.2.1 h1:9jdvU25TIXrVA1uVFaZSyCaaWpEtr8223TIYNx7WEa8=
github.com/mikeschinkel/go-dt/dtglob v0.2.1/go.mod h1:nmwVPeExeNIFyH/Y3JtLCfP8E68fFbR+Qbi4yrmBFT0=
github.com/mikeschinkel/go-dt/dtx v0.2.1 h1:OsFs0kHuEZuSJwGyTI+LDZVABf5pAvcPXDuEI08j5PY=
github.com/mikeschinkel/go-dt/dtx v0.2.1/go.mod h1:mFuyP/9gMzCKaLXhFWOXHngR2ou2jun7yE67NZRBhW8=
github.com/mikeschinkel/go-jsonxtractr v0.1.1 h1:tHi/vcnuB1GFwhtIXe68yE1Il+Zi6JwDx2zbJkg/MG0=
github.com/mikeschinkel/go-jsonxtractr v0.1.1/go.mod h1:gCARx5ya6mSN7tT+XTMVa6aBAef+AZTw6e/OsMu0GV4=
github.com/mikeschinkel/go-logutil v0.2.1 h1:jYwZCRSA/rlXXNP4grOerzTkMx1OcLZQjarjSJqVFzg=
github.com/mikeschinkel/go-logutil v0.2.1/go.mod h1:1yNSU+v0f+8anOjTq8hvHG7/A2FcRfVmXfnHTorHNk4=
github.com/mikeschinkel/go-pathvars v0.2.1 h1:Zr1SWVQQT+aEcV46/kel52eiUed7igLeh0GJ8OBNUIE=
github.com/mikeschinkel/go-pathvars v0.2.1/go.mod h1:pqm9AAbg8duYCWb81f65r2mjZovRYFMw2SWGkFiTows=
github.com/mikeschinkel/go-rfc9457 v0.1.1 h1:pYlE0aTA3jFDCUoD3AH/ZTZBjwnqSvWi29GFHSGvYx0=
github.com/mikeschinkel/go-rfc9457 v0.1.1/go.mod h1:YjUU3d3OVwCejkCB93nEtr0cDwRbkFUhcgbhkEJzZ30=
github.com/mikeschinkel/go-sqlparams v0.1.2 h1:pDEJZiDRmJUlm8vy9aWSoLmGvGB8HSLrzr+DRjH6BZo=
github.com/mikeschinkel/go-sqlparams v0.1.2/go.mod h1:jWP5nfpZyloGHHdc/O26RXTMlZeBZizSXa/0tV/T7+s=
github.com/mikeschinkel/go-testutil v0.2.1 h1:jI232rxSc6dS0XwCDSO5WpC9bb+2xZPYFJk1J6RzWoc=
github.com/mikeschinkel/go-testutil v0.2.1/go.mod h1:oPFd+C2liN+b8MD0Vn67ExqyT7x1DJp52fsfGb4V4LM=
github.com/pmezard/go-difflib v1.0.0 h1:4DBwDE0NGyQoBHbLQYPwSUPoCMWR5BEzIk/f1lZbAQM=
github.com/pmezard/go-difflib v1.0.0/go.mod h1:iKH77koFhYxTK1pcRnkKkqfTogsbg7gZNVY4sRDYZ/4=
github.com/rivo/uniseg v0.2.0/go.mod h1:J6wj4VEh+S6ZtnVlnTBMWIodfgj8LQOQFoIToxlJtxc=
github.com/rivo/uniseg v0.4.7 h1:WUdvkW8uEhrYfLC4ZzdpI2ztxP1I582+49Oc5Mq64VQ=
github.com/rivo/uniseg v0.4.7/go.mod h1:FN3SvrM+Zdj16jyLfmOkMNblXMcoc8DfTHruCPUcx88=
github.com/stretchr/testify v1.10.0 h1:Xv5erBjTwe/5IxqUQTdXv5kgmIvbHo3QQyRwhJsOfJA=
github.com/stretchr/testify v1.10.0/go.mod h1:r2ic/lqez/lEtzL7wO/rwa5dbSLXVDPFyf8C91i36aY=
golang.org/x/sys v0.30.0 h1:QjkSwP/36a20jFYWkSue1YwXzLmsV5Gfq7Eiy72C1uc=
golang.org/x/sys v0.30.0/go.mod h1:/VUhepiaJMQUp4+oa/7Zr1D23ma6VTLIYjOOTFZPUcA=
golang.org/x/text v0.22.0 h1:bofq7m3/HAFvbF51jz3Q9wLg3jkvSPuiZu/pD1XwgtM=
golang.org/x/text v0.22.0/go.mod h1:YRoo4H8PVmsu+E3Ou7cqLVH8oXWIHVoX0jqUWALQhfY=
gopkg.in/yaml.v3 v3.0.1 h1:fxVm/GzAzEWqLHuvctI91KS9hhNmmWOoWu0XTYJS7CA=
gopkg.in/yaml.v3 v3.0.1/go.mod h1:K4uyk7z7BCEPqu6E+C64Yfv1cQ7kz7rIZviUmN+EgEM=
